# THIS IS AN AUTOGENERATED FILE. DO NOT EDIT THIS FILE DIRECTLY.
# yarn lockfile v1
# We don't currently use yarn but need it to get yarn autoclean to run on Travis
# see https://github.com/travis-ci/travis-ci/issues/6720


chez-nestor.com@1.0.0:
  version "1.0.0"
  dependencies:
    node-noop "1.0.0"
